
Microsoft Visual Studio Solution File, Format Version 12.00
# Visual Studio Version 17
VisualStudioVersion = 17.12.35527.113 d17.12
MinimumVisualStudioVersion = 10.0.40219.1
Project("{FAE04EC0-301F-11D3-BF4B-00C04F79EFBC}") = "NewAirlineBooking", "NewAirlineBooking\NewAirlineBooking.csproj", "{CDDEC107-6442-4C47-9BC2-6497AB5C26FF}"
EndProject
Project("{FAE04EC0-301F-11D3-BF4B-00C04F79EFBC}") = "NewAirlineBooking.Domain", "NewAirlineBooking.Domain\NewAirlineBooking.Domain.csproj", "{21BEA1C1-BB73-4D0E-9A85-5C265F72D7C8}"
EndProject
Project("{FAE04EC0-301F-11D3-BF4B-00C04F79EFBC}") = "NewAirlineBooking.Infrastructure", "NewAirlineBooking.Infrastructure\NewAirlineBooking.Infrastructure.csproj", "{4917DD7C-017B-4B9E-BF67-F7EA73C52D3E}"
EndProject
Project("{FAE04EC0-301F-11D3-BF4B-00C04F79EFBC}") = "NewAirlineBooking.Application", "NewAirlineBooking.Application\NewAirlineBooking.Application.csproj", "{6E2109CA-3FC3-492B-903A-434ED56741C3}"
EndProject
Global
	GlobalSection(SolutionConfigurationPlatforms) = preSolution
		Debug|Any CPU = Debug|Any CPU
		Release|Any CPU = Release|Any CPU
	EndGlobalSection
	GlobalSection(ProjectConfigurationPlatforms) = postSolution
		{CDDEC107-6442-4C47-9BC2-6497AB5C26FF}.Debug|Any CPU.ActiveCfg = Debug|Any CPU
		{CDDEC107-6442-4C47-9BC2-6497AB5C26FF}.Debug|Any CPU.Build.0 = Debug|Any CPU
		{CDDEC107-6442-4C47-9BC2-6497AB5C26FF}.Release|Any CPU.ActiveCfg = Release|Any CPU
		{CDDEC107-6442-4C47-9BC2-6497AB5C26FF}.Release|Any CPU.Build.0 = Release|Any CPU
		{21BEA1C1-BB73-4D0E-9A85-5C265F72D7C8}.Debug|Any CPU.ActiveCfg = Debug|Any CPU
		{21BEA1C1-BB73-4D0E-9A85-5C265F72D7C8}.Debug|Any CPU.Build.0 = Debug|Any CPU
		{21BEA1C1-BB73-4D0E-9A85-5C265F72D7C8}.Release|Any CPU.ActiveCfg = Release|Any CPU
		{21BEA1C1-BB73-4D0E-9A85-5C265F72D7C8}.Release|Any CPU.Build.0 = Release|Any CPU
		{4917DD7C-017B-4B9E-BF67-F7EA73C52D3E}.Debug|Any CPU.ActiveCfg = Debug|Any CPU
		{4917DD7C-017B-4B9E-BF67-F7EA73C52D3E}.Debug|Any CPU.Build.0 = Debug|Any CPU
		{4917DD7C-017B-4B9E-BF67-F7EA73C52D3E}.Release|Any CPU.ActiveCfg = Release|Any CPU
		{4917DD7C-017B-4B9E-BF67-F7EA73C52D3E}.Release|Any CPU.Build.0 = Release|Any CPU
		{6E2109CA-3FC3-492B-903A-434ED56741C3}.Debug|Any CPU.ActiveCfg = Debug|Any CPU
		{6E2109CA-3FC3-492B-903A-434ED56741C3}.Debug|Any CPU.Build.0 = Debug|Any CPU
		{6E2109CA-3FC3-492B-903A-434ED56741C3}.Release|Any CPU.ActiveCfg = Release|Any CPU
		{6E2109CA-3FC3-492B-903A-434ED56741C3}.Release|Any CPU.Build.0 = Release|Any CPU
	EndGlobalSection
	GlobalSection(SolutionProperties) = preSolution
		HideSolutionNode = FALSE
	EndGlobalSection
EndGlobal
